
Microsoft Visual Studio Solution File, Format Version 12.00
# Visual Studio Version 16
VisualStudioVersion = 16.0.31402.337
MinimumVisualStudioVersion = 10.0.40219.1
Project("{FAE04EC0-301F-11D3-BF4B-00C04F79EFBC}") = "BUGTracker optimised", "BUGTracker optimised.csproj", "{3847AC52-4BDD-4543-9567-8BAF41BBB698}"
EndProject
Global
	GlobalSection(SolutionConfigurationPlatforms) = preSolution
		Debug|Any CPU = Debug|Any CPU
		Release|Any CPU = Release|Any CPU
	EndGlobalSection
	GlobalSection(ProjectConfigurationPlatforms) = postSolution
		{3847AC52-4BDD-4543-9567-8BAF41BBB698}.Debug|Any CPU.ActiveCfg = Debug|Any CPU
		{3847AC52-4BDD-4543-9567-8BAF41BBB698}.Debug|Any CPU.Build.0 = Debug|Any CPU
		{3847AC52-4BDD-4543-9567-8BAF41BBB698}.Release|Any CPU.ActiveCfg = Release|Any CPU
		{3847AC52-4BDD-4543-9567-8BAF41BBB698}.Release|Any CPU.Build.0 = Release|Any CPU
	EndGlobalSection
	GlobalSection(SolutionProperties) = preSolution
		HideSolutionNode = FALSE
	EndGlobalSection
	GlobalSection(ExtensibilityGlobals) = postSolution
		SolutionGuid = {5CEDDF74-BDC3-47C7-8424-6646620083FE}
	EndGlobalSection
EndGlobal
